
Microsoft Visual Studio Solution File, Format Version 12.00
# Visual Studio Version 17
VisualStudioVersion = 17.7.34024.191
MinimumVisualStudioVersion = 10.0.40219.1
Project("{FAE04EC0-301F-11D3-BF4B-00C04F79EFBC}") = "Book Store", "Book Store\Book Store.csproj", "{FF5EBBD5-773A-4BC1-80AE-CA6E6B4E6D65}"
EndProject
Global
	GlobalSection(SolutionConfigurationPlatforms) = preSolution
		Debug|Any CPU = Debug|Any CPU
		Release|Any CPU = Release|Any CPU
	EndGlobalSection
	GlobalSection(ProjectConfigurationPlatforms) = postSolution
		{FF5EBBD5-773A-4BC1-80AE-CA6E6B4E6D65}.Debug|Any CPU.ActiveCfg = Debug|Any CPU
		{FF5EBBD5-773A-4BC1-80AE-CA6E6B4E6D65}.Debug|Any CPU.Build.0 = Debug|Any CPU
		{FF5EBBD5-773A-4BC1-80AE-CA6E6B4E6D65}.Release|Any CPU.ActiveCfg = Release|Any CPU
		{FF5EBBD5-773A-4BC1-80AE-CA6E6B4E6D65}.Release|Any CPU.Build.0 = Release|Any CPU
	EndGlobalSection
	GlobalSection(SolutionProperties) = preSolution
		HideSolutionNode = FALSE
	EndGlobalSection
	GlobalSection(ExtensibilityGlobals) = postSolution
		SolutionGuid = {DB8DFF81-7A13-419A-9E27-78D87DB31C74}
	EndGlobalSection
EndGlobal
